Microsoft Visual Studio Solution File, Format Version 12.00
# Visual Studio Version 17
VisualStudioVersion = 17.5.2.0
MinimumVisualStudioVersion = 10.0.40219.1
Project("{FAE04EC0-301F-11D3-BF4B-00C04F79EFBC}") = "Tarea4-Grafica", "Tarea4-Grafica.csproj", "{BA2534D7-AE38-FB35-281C-ECC9CDA8BA7C}"
EndProject
Global
	GlobalSection(SolutionConfigurationPlatforms) = preSolution
		Debug|Any CPU = Debug|Any CPU
		Release|Any CPU = Release|Any CPU
	EndGlobalSection
	GlobalSection(ProjectConfigurationPlatforms) = postSolution
		{BA2534D7-AE38-FB35-281C-ECC9CDA8BA7C}.Debug|Any CPU.ActiveCfg = Debug|Any CPU
		{BA2534D7-AE38-FB35-281C-ECC9CDA8BA7C}.Debug|Any CPU.Build.0 = Debug|Any CPU
		{BA2534D7-AE38-FB35-281C-ECC9CDA8BA7C}.Release|Any CPU.ActiveCfg = Release|Any CPU
		{BA2534D7-AE38-FB35-281C-ECC9CDA8BA7C}.Release|Any CPU.Build.0 = Release|Any CPU
	EndGlobalSection
	GlobalSection(SolutionProperties) = preSolution
		HideSolutionNode = FALSE
	EndGlobalSection
	GlobalSection(ExtensibilityGlobals) = postSolution
		SolutionGuid = {D33717F6-B6E2-445E-BA96-9581AD65A419}
	EndGlobalSection
EndGlobal
